
Microsoft Visual Studio Solution File, Format Version 12.00
# Visual Studio Version 17
VisualStudioVersion = 17.0.32126.317
MinimumVisualStudioVersion = 10.0.40219.1
Project("{FAE04EC0-301F-11D3-BF4B-00C04F79EFBC}") = "TakeTurns", "TakeTurns.csproj", "{5EA0D976-B047-45E9-B411-DDD8E05771E1}"
EndProject
Global
	GlobalSection(SolutionConfigurationPlatforms) = preSolution
		Debug|Any CPU = Debug|Any CPU
		Release|Any CPU = Release|Any CPU
	EndGlobalSection
	GlobalSection(ProjectConfigurationPlatforms) = postSolution
		{5EA0D976-B047-45E9-B411-DDD8E05771E1}.Debug|Any CPU.ActiveCfg = Release|Any CPU
		{5EA0D976-B047-45E9-B411-DDD8E05771E1}.Debug|Any CPU.Build.0 = Release|Any CPU
		{5EA0D976-B047-45E9-B411-DDD8E05771E1}.Release|Any CPU.ActiveCfg = Release|Any CPU
		{5EA0D976-B047-45E9-B411-DDD8E05771E1}.Release|Any CPU.Build.0 = Release|Any CPU
	EndGlobalSection
	GlobalSection(SolutionProperties) = preSolution
		HideSolutionNode = FALSE
	EndGlobalSection
	GlobalSection(ExtensibilityGlobals) = postSolution
		SolutionGuid = {2E6637EA-B7D0-4E43-80AF-8883B611166F}
	EndGlobalSection
EndGlobal
